
Microsoft Visual Studio Solution File, Format Version 12.00
Project("{FAE04EC0-301F-11D3-BF4B-00C04F79EFBC}") = "Mayfly", "Mayfly\Mayfly.csproj", "{C4EFEF74-28D0-4ABF-B8AA-B7E9A98C6530}"
EndProject
Project("{FAE04EC0-301F-11D3-BF4B-00C04F79EFBC}") = "Mayfly.Tests", "Mayfly.Tests\Mayfly.Tests.csproj", "{7E54C28D-A515-4225-A9BF-BC78DD7C6776}"
EndProject
Global
	GlobalSection(SolutionConfigurationPlatforms) = preSolution
		Debug|Any CPU = Debug|Any CPU
		Release|Any CPU = Release|Any CPU
	EndGlobalSection
	GlobalSection(ProjectConfigurationPlatforms) = postSolution
		{C4EFEF74-28D0-4ABF-B8AA-B7E9A98C6530}.Debug|Any CPU.ActiveCfg = Debug|Any CPU
		{C4EFEF74-28D0-4ABF-B8AA-B7E9A98C6530}.Debug|Any CPU.Build.0 = Debug|Any CPU
		{C4EFEF74-28D0-4ABF-B8AA-B7E9A98C6530}.Release|Any CPU.ActiveCfg = Release|Any CPU
		{C4EFEF74-28D0-4ABF-B8AA-B7E9A98C6530}.Release|Any CPU.Build.0 = Release|Any CPU
		{7E54C28D-A515-4225-A9BF-BC78DD7C6776}.Debug|Any CPU.ActiveCfg = Debug|Any CPU
		{7E54C28D-A515-4225-A9BF-BC78DD7C6776}.Debug|Any CPU.Build.0 = Debug|Any CPU
		{7E54C28D-A515-4225-A9BF-BC78DD7C6776}.Release|Any CPU.ActiveCfg = Release|Any CPU
		{7E54C28D-A515-4225-A9BF-BC78DD7C6776}.Release|Any CPU.Build.0 = Release|Any CPU
	EndGlobalSection
EndGlobal
